
Microsoft Visual Studio Solution File, Format Version 12.00
# Visual Studio Version 17
VisualStudioVersion = 17.8.34511.84
MinimumVisualStudioVersion = 10.0.40219.1
Project("{9A19103F-16F7-4668-BE54-9A1E7A4F7556}") = "HMSWithLayers.BlazorApp", "HMSWithLayers.BlazorApp.csproj", "{A19A7479-0612-492D-B960-585B3F7CD842}"
EndProject
Global
	GlobalSection(SolutionConfigurationPlatforms) = preSolution
		Debug|Any CPU = Debug|Any CPU
		Release|Any CPU = Release|Any CPU
	EndGlobalSection
	GlobalSection(ProjectConfigurationPlatforms) = postSolution
		{A19A7479-0612-492D-B960-585B3F7CD842}.Debug|Any CPU.ActiveCfg = Debug|Any CPU
		{A19A7479-0612-492D-B960-585B3F7CD842}.Debug|Any CPU.Build.0 = Debug|Any CPU
		{A19A7479-0612-492D-B960-585B3F7CD842}.Release|Any CPU.ActiveCfg = Release|Any CPU
		{A19A7479-0612-492D-B960-585B3F7CD842}.Release|Any CPU.Build.0 = Release|Any CPU
	EndGlobalSection
	GlobalSection(SolutionProperties) = preSolution
		HideSolutionNode = FALSE
	EndGlobalSection
	GlobalSection(ExtensibilityGlobals) = postSolution
		SolutionGuid = {B7A892E5-3438-48DD-B2F5-02322685EE72}
	EndGlobalSection
EndGlobal
